{
    "_meta": {
        "hash": {
            "sha256": "a3930aad7ae7361fb4098eb727ea2793bccca6621a2341bc76c21637479c3e82"
        },
        "pipfile-spec": 6,
        "requires": {
            "python_version": "3.9"
        },
        "sources": [
            {
                "name": "pypi",
                "url": "https://pypi.org/simple",
                "verify_ssl": true
            }
        ]
    },
    "default": {
        "igraph": {
            "hashes": [
                "sha256:09183755e68423e7dac72fd03876d3c455cd887b0c616b8eb8569ea37860988c",
                "sha256:0c12713b3c0b86996d6b74c1300cea4d83635a6c0971c4945174b7272a7ff818",
                "sha256:0d4db6955ea2e865db543962c1ade65832a465287514960de68e3fa73f128fa7",
                "sha256:1e793dba2b944fe93c26b773baf26841d311837d219566e5b01d35faf72f16ac",
                "sha256:219d1b4998d4bcee5d11a3b98abffec28c86dcd0aa833dc82110cad7da0eee72",
                "sha256:285ab05de17529e516bfdb2ec7f1b0de1db5abd356c46e91786318474c0f40b0",
                "sha256:3120cac924878413d03205ea5113a9114db70e59582e141b030b8fb571864e23",
                "sha256:3195817e196f6772732f6091baba021da015d73b4304dc900ab748cdc7bb0081",
                "sha256:3325b2fec4b69f233a25b848f85f4aca5e28c8143c5d1c4459b17c7d303e96d2",
                "sha256:34a3f47c98f53192e92e43f3e3cba790df7825bc3c83e0e387b79e4f42e819ad",
                "sha256:3b368a01a3b1401d3fb343d0e964db6e4ab950d23af08c414bf87432de8b20cf",
                "sha256:3db9e2b7fef7912a76215dc1cda64671cf041eb621cf8bc83c3ff56652bfe5e3",
                "sha256:5aea3a55ebe257735f6049ed0bee392ba57eb283a20557f3c125e99646a1e29f",
                "sha256:5b08a6c3754099065d2a128142c48f252d744fea8e4a2b201b8a9659542500e6",
                "sha256:5ba598fb1619583c861560bcba668cde47730ef34629401aac26c308a6b64416",
                "sha256:5c22b1bd560fe9f1787114cf9a70634a527f49a8d719c08d1adcf3b81c12c0a7",
                "sha256:61afa0c795bc42c92cfbea897d1932ecd046e5d8d8a014b407d83ba49409e031",
                "sha256:6b28569e270fd5ba8885c169a50774cbbb14d73ddf41bd95f1cb659753e16872",
                "sha256:7494a0a073a0f4604cd3f5f076092a1f62c48daaa859cd206c93e18d6282a477",
                "sha256:78c75acbbcce671ce45c7aef4d7f24ba8255eee44b70ffd6f2da9b0342cdb1c1",
                "sha256:81780011e7cf82f09ad4107512b3a8f3b3f9e6a26f6ac14c453f3861a6149ecf",
                "sha256:81c5057fb28c21cd214574da43a507305a67ce570e8e8e0f3bf8cbb5b5c4ad0f",
                "sha256:83a7ffb32f3e7d34a79f3947cbdec3ede8e391cbee1ade0821a9513ee5e4ec03",
                "sha256:94ce2bde17007348b9e480d05c99c827ee4b42c9e4ab406081aedac32c3e3a53",
                "sha256:9c7f2f1c51c5db3b703d70d5112ed443a0f5e915bd8a4db05374b3a188191a8c",
                "sha256:9ed287fd6241819b9d21df0e4500ee662bd43e2907308d9bee49dab3e4eeaf22",
                "sha256:a3baba0b5cc621592254958d79bebad0d78408ac7a5d96339baf6c474766dee7",
                "sha256:a8bd0d8d32a47cedf477448cfab987b65d8491b925ae0519de5a322256625e88",
                "sha256:ac13c13344fff1be4764055dd9ffed08858d149e48eab2b795c484a3d134457c",
                "sha256:b03eabe4b57964956959fca3830808be7f1fe93b0063bb20025a2267a15e08fd",
                "sha256:c812f092b0f33da5e4b8d5fe7a45441586f57bdb2d8a27c2a61b386f0fccae41",
                "sha256:dd5627591c844d14771d6e907f3ca89645c306ea69be3068197453fba0a2bfad",
                "sha256:de0088362ebe4e8bc26c7ad5b2bfbcc4ff922ca91e483966c6e785b2244eaf00",
                "sha256:e7bad9f5f52e6dc3ccdaa3d02d8ec433d9ada704f7a83168915cfa0c4c226730",
                "sha256:e9b6671269c9e28b0706188d89e1ca866df3f811d28daa507796430c4ff1de50",
                "sha256:ed31cdf81d07fda69200d2b20b1c9a12a9167ccb87b767f4aed865a42495b2b1",
                "sha256:f6787f8e3eb162d019013b5165748b2aafd17598943ce7464d2ea3b1fa7b7a88",
                "sha256:fb0e5084f0002b67e63d580705159c2b4f72f6f6524c9d5447ffa8e3fa68ebf1",
                "sha256:fc90ecec3523f8bb3c81bc75f9d32e454f94e1cac4860045e84ebde9a2b24e51"
            ],
            "index": "pypi",
            "version": "==0.9.8"
        },
        "numpy": {
            "hashes": [
                "sha256:00c9fa73a6989895b8815d98300a20ac993c49ac36c8277e8ffeaa3631c0dbbb",
                "sha256:025b497014bc33fc23897859350f284323f32a2fff7654697f5a5fc2a19e9939",
                "sha256:08de8472d9f7571f9d51b27b75e827f5296295fa78817032e84464be8bb905bc",
                "sha256:1964db2d4a00348b7a60ee9d013c8cb0c566644a589eaa80995126eac3b99ced",
                "sha256:2a9add27d7fc0fdb572abc3b2486eb3b1395da71e0254c5552b2aad2a18b5441",
                "sha256:2d8adfca843bc46ac199a4645233f13abf2011a0b2f4affc5c37cd552626f27b",
                "sha256:301e408a052fdcda5cdcf03021ebafc3c6ea093021bf9d1aa47c54d48bdad166",
                "sha256:311283acf880cfcc20369201bd75da907909afc4666966c7895cbed6f9d2c640",
                "sha256:341dddcfe3b7b6427a28a27baa59af5ad51baa59bfec3264f1ab287aa3b30b13",
                "sha256:3a5098df115340fb17fc93867317a947e1dcd978c3888c5ddb118366095851f8",
                "sha256:3c978544be9e04ed12016dd295a74283773149b48f507d69b36f91aa90a643e5",
                "sha256:3d893b0871322eaa2f8c7072cdb552d8e2b27645b7875a70833c31e9274d4611",
                "sha256:4fe6a006557b87b352c04596a6e3f12a57d6e5f401d804947bd3188e6b0e0e76",
                "sha256:507c05c7a37b3683eb08a3ff993bd1ee1e6c752f77c2f275260533b265ecdb6c",
                "sha256:58ca1d7c8aef6e996112d0ce873ac9dfa1eaf4a1196b4ff7ff73880a09923ba7",
                "sha256:61bada43d494515d5b122f4532af226fdb5ee08fe5b5918b111279843dc6836a",
                "sha256:69a5a8d71c308d7ef33ef72371c2388a90e3495dbb7993430e674006f94797d5",
                "sha256:6a5928bc6241264dce5ed509e66f33676fc97f464e7a919edc672fb5532221ee",
                "sha256:7b9d6b14fc9a4864b08d1ba57d732b248f0e482c7b2ff55c313137e3ed4d8449",
                "sha256:a7c4b701ca418cd39e28ec3b496e6388fe06de83f5f0cb74794fa31cfa384c02",
                "sha256:a7e8f6216f180f3fd4efb73de5d1eaefb5f5a1ee5b645c67333033e39440e63a",
                "sha256:b545ebadaa2b878c8630e5bcdb97fc4096e779f335fc0f943547c1c91540c815",
                "sha256:c293d3c0321996cd8ffe84215ffe5d269fd9d1d12c6f4ffe2b597a7c30d3e593",
                "sha256:c5562bcc1a9b61960fc8950ade44d00e3de28f891af0acc96307c73613d18f6e",
                "sha256:ca9c23848292c6fe0a19d212790e62f398fd9609aaa838859be8459bfbe558aa",
                "sha256:cc1b30205d138d1005adb52087ff45708febbef0e420386f58664f984ef56954",
                "sha256:dbce7adeb66b895c6aaa1fad796aaefc299ced597f6fbd9ceddb0dd735245354",
                "sha256:dc4b2fb01f1b4ddbe2453468ea0719f4dbb1f5caa712c8b21bb3dd1480cd30d9",
                "sha256:eed2afaa97ec33b4411995be12f8bdb95c87984eaa28d76cf628970c8a2d689a",
                "sha256:fc7a7d7b0ed72589fd8b8486b9b42a564f10b8762be8bd4d9df94b807af4a089"
            ],
            "index": "pypi",
            "version": "==1.21.5"
        },
        "pillow": {
            "hashes": [
                "sha256:066f3999cb3b070a95c3652712cffa1a748cd02d60ad7b4e485c3748a04d9d76",
                "sha256:0a0956fdc5defc34462bb1c765ee88d933239f9a94bc37d132004775241a7585",
                "sha256:0b052a619a8bfcf26bd8b3f48f45283f9e977890263e4571f2393ed8898d331b",
                "sha256:1394a6ad5abc838c5cd8a92c5a07535648cdf6d09e8e2d6df916dfa9ea86ead8",
                "sha256:1bc723b434fbc4ab50bb68e11e93ce5fb69866ad621e3c2c9bdb0cd70e345f55",
                "sha256:244cf3b97802c34c41905d22810846802a3329ddcb93ccc432870243211c79fc",
                "sha256:25a49dc2e2f74e65efaa32b153527fc5ac98508d502fa46e74fa4fd678ed6645",
                "sha256:2e4440b8f00f504ee4b53fe30f4e381aae30b0568193be305256b1462216feff",
                "sha256:3862b7256046fcd950618ed22d1d60b842e3a40a48236a5498746f21189afbbc",
                "sha256:3eb1ce5f65908556c2d8685a8f0a6e989d887ec4057326f6c22b24e8a172c66b",
                "sha256:3f97cfb1e5a392d75dd8b9fd274d205404729923840ca94ca45a0af57e13dbe6",
                "sha256:493cb4e415f44cd601fcec11c99836f707bb714ab03f5ed46ac25713baf0ff20",
                "sha256:4acc0985ddf39d1bc969a9220b51d94ed51695d455c228d8ac29fcdb25810e6e",
                "sha256:5503c86916d27c2e101b7f71c2ae2cddba01a2cf55b8395b0255fd33fa4d1f1a",
                "sha256:5b7bb9de00197fb4261825c15551adf7605cf14a80badf1761d61e59da347779",
                "sha256:5e9ac5f66616b87d4da618a20ab0a38324dbe88d8a39b55be8964eb520021e02",
                "sha256:620582db2a85b2df5f8a82ddeb52116560d7e5e6b055095f04ad828d1b0baa39",
                "sha256:62cc1afda735a8d109007164714e73771b499768b9bb5afcbbee9d0ff374b43f",
                "sha256:70ad9e5c6cb9b8487280a02c0ad8a51581dcbbe8484ce058477692a27c151c0a",
                "sha256:72b9e656e340447f827885b8d7a15fc8c4e68d410dc2297ef6787eec0f0ea409",
                "sha256:72cbcfd54df6caf85cc35264c77ede902452d6df41166010262374155947460c",
                "sha256:792e5c12376594bfcb986ebf3855aa4b7c225754e9a9521298e460e92fb4a488",
                "sha256:7b7017b61bbcdd7f6363aeceb881e23c46583739cb69a3ab39cb384f6ec82e5b",
                "sha256:81f8d5c81e483a9442d72d182e1fb6dcb9723f289a57e8030811bac9ea3fef8d",
                "sha256:82aafa8d5eb68c8463b6e9baeb4f19043bb31fefc03eb7b216b51e6a9981ae09",
                "sha256:84c471a734240653a0ec91dec0996696eea227eafe72a33bd06c92697728046b",
                "sha256:8c803ac3c28bbc53763e6825746f05cc407b20e4a69d0122e526a582e3b5e153",
                "sha256:93ce9e955cc95959df98505e4608ad98281fff037350d8c2671c9aa86bcf10a9",
                "sha256:9a3e5ddc44c14042f0844b8cf7d2cd455f6cc80fd7f5eefbe657292cf601d9ad",
                "sha256:a4901622493f88b1a29bd30ec1a2f683782e57c3c16a2dbc7f2595ba01f639df",
                "sha256:a5a4532a12314149d8b4e4ad8ff09dde7427731fcfa5917ff16d0291f13609df",
                "sha256:b8831cb7332eda5dc89b21a7bce7ef6ad305548820595033a4b03cf3091235ed",
                "sha256:b8e2f83c56e141920c39464b852de3719dfbfb6e3c99a2d8da0edf4fb33176ed",
                "sha256:c70e94281588ef053ae8998039610dbd71bc509e4acbc77ab59d7d2937b10698",
                "sha256:c8a17b5d948f4ceeceb66384727dde11b240736fddeda54ca740b9b8b1556b29",
                "sha256:d82cdb63100ef5eedb8391732375e6d05993b765f72cb34311fab92103314649",
                "sha256:d89363f02658e253dbd171f7c3716a5d340a24ee82d38aab9183f7fdf0cdca49",
                "sha256:d99ec152570e4196772e7a8e4ba5320d2d27bf22fdf11743dd882936ed64305b",
                "sha256:ddc4d832a0f0b4c52fff973a0d44b6c99839a9d016fe4e6a1cb8f3eea96479c2",
                "sha256:e3dacecfbeec9a33e932f00c6cd7996e62f53ad46fbe677577394aaa90ee419a",
                "sha256:eb9fc393f3c61f9054e1ed26e6fe912c7321af2f41ff49d3f83d05bacf22cc78"
            ],
            "index": "pypi",
            "version": "==8.4.0"
        },
        "texttable": {
            "hashes": [
                "sha256:42ee7b9e15f7b225747c3fa08f43c5d6c83bc899f80ff9bae9319334824076e9",
                "sha256:dd2b0eaebb2a9e167d1cefedab4700e5dcbdb076114eed30b58b97ed6b37d6f2"
            ],
            "version": "==1.6.4"
        }
    },
    "develop": {}
}
